Microsoft Visual Studio Solution File, Format Version 11.00
# Visual Studio 2008

Project("{82A797B2-7BEC-C983-22A7-0B779CD335F3}") = "Game-3", "Assembly-CSharp.csproj", "{7C7888DB-082F-8FC5-4535-C54D504520E4}"
EndProject
Global
	GlobalSection(SolutionConfigurationPlatforms) = preSolution
		Debug|Any CPU = Debug|Any CPU
		Release|Any CPU = Release|Any CPU
	EndGlobalSection
	GlobalSection(ProjectConfigurationPlatforms) = postSolution
		{7C7888DB-082F-8FC5-4535-C54D504520E4}.Debug|Any CPU.ActiveCfg = Debug|Any CPU
		{7C7888DB-082F-8FC5-4535-C54D504520E4}.Debug|Any CPU.Build.0 = Debug|Any CPU
		{7C7888DB-082F-8FC5-4535-C54D504520E4}.Release|Any CPU.ActiveCfg = Release|Any CPU
		{7C7888DB-082F-8FC5-4535-C54D504520E4}.Release|Any CPU.Build.0 = Release|Any CPU
	EndGlobalSection
	GlobalSection(SolutionProperties) = preSolution
		HideSolutionNode = FALSE
	EndGlobalSection
	GlobalSection(MonoDevelopProperties) = preSolution
		StartupItem = Assembly-CSharp.csproj
	EndGlobalSection
EndGlobal
